
Microsoft Visual Studio Solution File, Format Version 12.00
# Visual Studio Version 17
VisualStudioVersion = 17.12.35506.116
MinimumVisualStudioVersion = 10.0.40219.1
Project("{FAE04EC0-301F-11D3-BF4B-00C04F79EFBC}") = "Sistema_HelpDesk", "Aplicacao\Sistema_HelpDesk.csproj", "{EB19EC78-7A99-4593-AC0B-97BB50FBE814}"
EndProject
Global
	GlobalSection(SolutionConfigurationPlatforms) = preSolution
		Debug|Any CPU = Debug|Any CPU
		Release|Any CPU = Release|Any CPU
	EndGlobalSection
	GlobalSection(ProjectConfigurationPlatforms) = postSolution
		{EB19EC78-7A99-4593-AC0B-97BB50FBE814}.Debug|Any CPU.ActiveCfg = Debug|Any CPU
		{EB19EC78-7A99-4593-AC0B-97BB50FBE814}.Debug|Any CPU.Build.0 = Debug|Any CPU
		{EB19EC78-7A99-4593-AC0B-97BB50FBE814}.Release|Any CPU.ActiveCfg = Release|Any CPU
		{EB19EC78-7A99-4593-AC0B-97BB50FBE814}.Release|Any CPU.Build.0 = Release|Any CPU
	EndGlobalSection
	GlobalSection(SolutionProperties) = preSolution
		HideSolutionNode = FALSE
	EndGlobalSection
EndGlobal
